
Microsoft Visual Studio Solution File, Format Version 12.00
# Visual Studio Version 16
VisualStudioVersion = 16.0.30523.141
MinimumVisualStudioVersion = 10.0.40219.1
Project("{FAE04EC0-301F-11D3-BF4B-00C04F79EFBC}") = "GraphBuilder", "GraphBuilder\GraphBuilder.csproj", "{C45BD8EC-062C-4E15-88DF-5784407C11AD}"
EndProject
Global
	GlobalSection(SolutionConfigurationPlatforms) = preSolution
		Debug|Any CPU = Debug|Any CPU
		Release|Any CPU = Release|Any CPU
	EndGlobalSection
	GlobalSection(ProjectConfigurationPlatforms) = postSolution
		{C45BD8EC-062C-4E15-88DF-5784407C11AD}.Debug|Any CPU.ActiveCfg = Debug|Any CPU
		{C45BD8EC-062C-4E15-88DF-5784407C11AD}.Debug|Any CPU.Build.0 = Debug|Any CPU
		{C45BD8EC-062C-4E15-88DF-5784407C11AD}.Release|Any CPU.ActiveCfg = Release|Any CPU
		{C45BD8EC-062C-4E15-88DF-5784407C11AD}.Release|Any CPU.Build.0 = Release|Any CPU
	EndGlobalSection
	GlobalSection(SolutionProperties) = preSolution
		HideSolutionNode = FALSE
	EndGlobalSection
	GlobalSection(ExtensibilityGlobals) = postSolution
		SolutionGuid = {8DA39E3A-0CB7-4E32-BB8A-4229CD7C640D}
	EndGlobalSection
EndGlobal
